<?xml version="1.0" encoding="utf-8"?>
<Project ToolsVersion="4.0" xmlns="http://schemas.microsoft.com/developer/msbuild/2003">
  <ItemGroup>
    <Filter Include="Source Files">
      <UniqueIdentifier>{4FC737F1-C7A5-4376-A066-2A32D752A2FF}</UniqueIdentifier>
      <Extensions>cpp;c;cc;cxx;def;odl;idl;hpj;bat;asm;asmx</Extensions>
    </Filter>
    <Filter Include="Header Files">
      <UniqueIdentifier>{93995380-89BD-4b04-88EB-625FBE52EBFB}</UniqueIdentifier>
      <Extensions>h;hh;hpp;hxx;hm;inl;inc;xsd</Extensions>
    </Filter>
    <Filter Include="Resource Files">
      <UniqueIdentifier>{67DA6AB6-F800-4c08-8B7A-83BB121AAD01}</UniqueIdentifier>
      <Extensions>rc;ico;cur;bmp;dlg;rc2;rct;bin;rgs;gif;jpg;jpeg;jpe;resx;tiff;tif;png;wav;mfcribbon-ms</Extensions>
    </Filter>
    <Filter Include="Header Files\ICS">
      <UniqueIdentifier>{721c51e8-c60d-4da1-b77f-e2803ed43e30}</UniqueIdentifier>
    </Filter>
    <Filter Include="Source Files\ICS">
      <UniqueIdentifier>{a58f6154-bdc1-4741-b29f-1f0dc5877b8a}</UniqueIdentifier>
    </Filter>
  </ItemGroup>
  <ItemGroup>
    <ClCompile Include="main.cpp">
      <Filter>Source Files</Filter>
    </ClCompile>
    <ClCompile Include="mem.cpp">
      <Filter>Source Files\ICS</Filter>
    </ClCompile>
    <ClCompile Include="fpu.cpp">
      <Filter>Source Files\ICS</Filter>
    </ClCompile>
    <ClCompile Include="alu.cpp">
      <Filter>Source Files\ICS</Filter>
    </ClCompile>
    <ClCompile Include="circle_exercise.cpp">
      <Filter>Source Files</Filter>
    </ClCompile>
    <ClCompile Include="DFS.cpp">
      <Filter>Source Files</Filter>
    </ClCompile>
  </ItemGroup>
  <ItemGroup>
    <ClInclude Include="mem.h">
      <Filter>Header Files\ICS</Filter>
    </ClInclude>
    <ClInclude Include="fpu.h">
      <Filter>Header Files\ICS</Filter>
    </ClInclude>
    <ClInclude Include="alu.h">
      <Filter>Header Files\ICS</Filter>
    </ClInclude>
    <ClInclude Include="TopoGraph.h">
      <Filter>Header Files</Filter>
    </ClInclude>
  </ItemGroup>
</Project>